// !$*UTF8*$!
{
	archiveVersion = 1;
	classes = {
	};
	objectVersion = 50;
	objects = {

/* Begin PBXBuildFile section */
		061FA84B24F23A1900E05B18 /* AppDelegate.swift in Sources */ = {isa = PBXBuildFile; fileRef = 061FA84A24F23A1900E05B18 /* AppDelegate.swift */; };
		061FA84D24F23A1900E05B18 /* SceneDelegate.swift in Sources */ = {isa = PBXBuildFile; fileRef = 061FA84C24F23A1900E05B18 /* SceneDelegate.swift */; };
		061FA84F24F23A1900E05B18 /* ViewController.swift in Sources */ = {isa = PBXBuildFile; fileRef = 061FA84E24F23A1900E05B18 /* ViewController.swift */; };
		061FA85224F23A1900E05B18 /* Main.storyboard in Resources */ = {isa = PBXBuildFile; fileRef = 061FA85024F23A1900E05B18 /* Main.storyboard */; };
		061FA85424F23A1A00E05B18 /* Assets.xcassets in Resources */ = {isa = PBXBuildFile; fileRef = 061FA85324F23A1A00E05B18 /* Assets.xcassets */; };
		061FA85724F23A1A00E05B18 /* LaunchScreen.storyboard in Resources */ = {isa = PBXBuildFile; fileRef = 061FA85524F23A1A00E05B18 /* LaunchScreen.storyboard */; };
/* End PBXBuildFile section */

/* Begin PBXFileReference section */
		061FA84724F23A1900E05B18 /* AutoLayout1.app */ = {isa = PBXFileReference; explicitFileType = wrapper.application; includeInIndex = 0; path = AutoLayout1.app; sourceTree = BUILT_PRODUCTS_DIR; };
		061FA84A24F23A1900E05B18 /* AppDelegate.swift */ = {isa = PBXFileReference; lastKnownFileType = sourcecode.swift; path = AppDelegate.swift; sourceTree = "<group>"; };
		061FA84C24F23A1900E05B18 /* SceneDelegate.swift */ = {isa = PBXFileReference; lastKnownFileType = sourcecode.swift; path = SceneDelegate.swift; sourceTree = "<group>"; };
		061FA84E24F23A1900E05B18 /* ViewController.swift */ = {isa = PBXFileReference; lastKnownFileType = sourcecode.swift; path = ViewController.swift; sourceTree = "<group>"; };
		061FA85124F23A1900E05B18 /* Base */ = {isa = PBXFileReference; lastKnownFileType = file.storyboard; name = Base; path = Base.lproj/Main.storyboard; sourceTree = "<group>"; };
		061FA85324F23A1A00E05B18 /* Assets.xcassets */ = {isa = PBXFileReference; lastKnownFileType = folder.assetcatalog; path = Assets.xcassets; sourceTree = "<group>"; };
		061FA85624F23A1A00E05B18 /* Base */ = {isa = PBXFileReference; lastKnownFileType = file.storyboard; name = Base; path = Base.lproj/LaunchScreen.storyboard; sourceTree = "<group>"; };
		061FA85824F23A1A00E05B18 /* Info.plist */ = {isa = PBXFileReference; lastKnownFileType = text.plist.xml; path = Info.plist; sourceTree = "<group>"; };
/* End PBXFileReference section */

/* Begin PBXFrameworksBuildPhase section */
		061FA84424F23A1900E05B18 /* Frameworks */ = {
			isa = PBXFrameworksBuildPhase;
			buildActionMask = 2147483647;
			files = (
			);
			runOnlyForDeploymentPostprocessing = 0;
		};
/* End PBXFrameworksBuildPhase section */

/* Begin PBXGroup section */
		061FA83E24F23A1900E05B18 = {
			isa = PBXGroup;
			children = (
				061FA84924F23A1900E05B18 /* AutoLayout1 */,
				061FA84824F23A1900E05B18 /* Products */,
			);
			sourceTree = "<group>";
		};
		061FA84824F23A1900E05B18 /* Products */ = {
			isa = PBXGroup;
			children = (
				061FA84724F23A1900E05B18 /* AutoLayout1.app */,
			);
			name = Products;
			sourceTree = "<group>";
		};
		061FA84924F23A1900E05B18 /* AutoLayout1 */ = {
			isa = PBXGroup;
			children = (
				061FA84A24F23A1900E05B18 /* AppDelegate.swift */,
				061FA84C24F23A1900E05B18 /* SceneDelegate.swift */,
				061FA84E24F23A1900E05B18 /* ViewController.swift */,
				061FA85024F23A1900E05B18 /* Main.storyboard */,
				061FA85324F23A1A00E05B18 /* Assets.xcassets */,
				061FA85524F23A1A00E05B18 /* LaunchScreen.storyboard */,
				061FA85824F23A1A00E05B18 /* Info.plist */,
			);
			path = AutoLayout1;
			sourceTree = "<group>";
		};
/* End PBXGroup section */

/* Begin PBXNativeTarget section */
		061FA84624F23A1900E05B18 /* AutoLayout1 */ = {
			isa = PBXNativeTarget;
			buildConfigurationList = 061FA85B24F23A1A00E05B18 /* Build configuration list for PBXNativeTarget "AutoLayout1" */;
			buildPhases = (
				061FA84324F23A1900E05B18 /* Sources */,
				061FA84424F23A1900E05B18 /* Frameworks */,
				061FA84524F23A1900E05B18 /* Resources */,
			);
			buildRules = (
			);
			dependencies = (
			);
			name = AutoLayout1;
			productName = AutoLayout1;
			productReference = 061FA84724F23A1900E05B18 /* AutoLayout1.app */;
			productType = "com.apple.product-type.application";
		};
/* End PBXNativeTarget section */

/* Begin PBXProject section */
		061FA83F24F23A1900E05B18 /* Project object */ = {
			isa = PBXProject;
			attributes = {
				LastSwiftUpdateCheck = 1160;
				LastUpgradeCheck = 1160;
				ORGANIZATIONNAME = "Kanchanak Khat";
				TargetAttributes = {
					061FA84624F23A1900E05B18 = {
						CreatedOnToolsVersion = 11.6;
					};
				};
			};
			buildConfigurationList = 061FA84224F23A1900E05B18 /* Build configuration list for PBXProject "AutoLayout1" */;
			compatibilityVersion = "Xcode 9.3";
			developmentRegion = en;
			hasScannedForEncodings = 0;
			knownRegions = (
				en,
				Base,
			);
			mainGroup = 061FA83E24F23A1900E05B18;
			productRefGroup = 061FA84824F23A1900E05B18 /* Products */;
			projectDirPath = "";
			projectRoot = "";
			targets = (
				061FA84624F23A1900E05B18 /* AutoLayout1 */,
			);
		};
/* End PBXProject section */

/* Begin PBXResourcesBuildPhase section */
		061FA84524F23A1900E05B18 /* Resources */ = {
			isa = PBXResourcesBuildPhase;
			buildActionMask = 2147483647;
			files = (
				061FA85724F23A1A00E05B18 /* LaunchScreen.storyboard in Resources */,
				061FA85424F23A1A00E05B18 /* Assets.xcassets in Resources */,
				061FA85224F23A1900E05B18 /* Main.storyboard in Resources */,
			);
			runOnlyForDeploymentPostprocessing = 0;
		};
/* End PBXResourcesBuildPhase section */

/* Begin PBXSourcesBuildPhase section */
		061FA84324F23A1900E05B18 /* Sources */ = {
			isa = PBXSourcesBuildPhase;
			buildActionMask = 2147483647;
			files = (
				061FA84F24F23A1900E05B18 /* ViewController.swift in Sources */,
				061FA84B24F23A1900E05B18 /* AppDelegate.swift in Sources */,
				061FA84D24F23A1900E05B18 /* SceneDelegate.swift in Sources */,
			);
			runOnlyForDeploymentPostprocessing = 0;
		};
/* End PBXSourcesBuildPhase section */

/* Begin PBXVariantGroup section */
		061FA85024F23A1900E05B18 /* Main.storyboard */ = {
			isa = PBXVariantGroup;
			children = (
				061FA85124F23A1900E05B18 /* Base */,
			);
			name = Main.storyboard;
			sourceTree = "<group>";
		};
		061FA85524F23A1A00E05B18 /* LaunchScreen.storyboard */ = {
			isa = PBXVariantGroup;
			children = (
				061FA85624F23A1A00E05B18 /* Base */,
			);
			name = LaunchScreen.storyboard;
			sourceTree = "<group>";
		};
/* End PBXVariantGroup section */

/* Begin XCBuildConfiguration section */
		061FA85924F23A1A00E05B18 /* Debug */ = {
			isa = XCBuildConfiguration;
			buildSettings = {
				ALWAYS_SEARCH_USER_PATHS = NO;
				CLANG_ANALYZER_NONNULL = YES;
				CLANG_ANALYZER_NUMBER_OBJECT_CONVERSION = YES_AGGRESSIVE;
				CLANG_CXX_LANGUAGE_STANDARD = "gnu++14";
				CLANG_CXX_LIBRARY = "libc++";
				CLANG_ENABLE_MODULES = YES;
				CLANG_ENABLE_OBJC_ARC = YES;
				CLANG_ENABLE_OBJC_WEAK = YES;
				CLANG_WARN_BLOCK_CAPTURE_AUTORELEASING = YES;
				CLANG_WARN_BOOL_CONVERSION = YES;
				CLANG_WARN_COMMA = YES;
				CLANG_WARN_CONSTANT_CONVERSION = YES;
				CLANG_WARN_DEPRECATED_OBJC_IMPLEMENTATIONS = YES;
				CLANG_WARN_DIRECT_OBJC_ISA_USAGE = YES_ERROR;
				CLANG_WARN_DOCUMENTATION_COMMENTS = YES;
				CLANG_WARN_EMPTY_BODY = YES;
				CLANG_WARN_ENUM_CONVERSION = YES;
				CLANG_WARN_INFINITE_RECURSION = YES;
				CLANG_WARN_INT_CONVERSION = YES;
				CLANG_WARN_NON_LITERAL_NULL_CONVERSION = YES;
				CLANG_WARN_OBJC_IMPLICIT_RETAIN_SELF = YES;
				CLANG_WARN_OBJC_LITERAL_CONVERSION = YES;
				CLANG_WARN_OBJC_ROOT_CLASS = YES_ERROR;
				CLANG_WARN_RANGE_LOOP_ANALYSIS = YES;
				CLANG_WARN_STRICT_PROTOTYPES = YES;
				CLANG_WARN_SUSPICIOUS_MOVE = YES;
				CLANG_WARN_UNGUARDED_AVAILABILITY = YES_AGGRESSIVE;
				CLANG_WARN_UNREACHABLE_CODE = YES;
				CLANG_WARN__DUPLICATE_METHOD_MATCH = YES;
				COPY_PHASE_STRIP = NO;
				DEBUG_INFORMATION_FORMAT = dwarf;
				ENABLE_STRICT_OBJC_MSGSEND = YES;
				ENABLE_TESTABILITY = YES;
				GCC_C_LANGUAGE_STANDARD = gnu11;
				GCC_DYNAMIC_NO_PIC = NO;
				GCC_NO_COMMON_BLOCKS = YES;
				GCC_OPTIMIZATION_LEVEL = 0;
				GCC_PREPROCESSOR_DEFINITIONS = (
					"DEBUG=1",
					"$(inherited)",
				);
				GCC_WARN_64_TO_32_BIT_CONVERSION = YES;
				GCC_WARN_ABOUT_RETURN_TYPE = YES_ERROR;
				GCC_WARN_UNDECLARED_SELECTOR = YES;
				GCC_WARN_UNINITIALIZED_AUTOS = YES_AGGRESSIVE;
				GCC_WARN_UNUSED_FUNCTION = YES;
				GCC_WARN_UNUSED_VARIABLE = YES;
				IPHONEOS_DEPLOYMENT_TARGET = 13.6;
				MTL_ENABLE_DEBUG_INFO = INCLUDE_SOURCE;
				MTL_FAST_MATH = YES;
				ONLY_ACTIVE_ARCH = YES;
				SDKROOT = iphoneos;
				SWIFT_ACTIVE_COMPILATION_CONDITIONS = DEBUG;
				SWIFT_OPTIMIZATION_LEVEL = "-Onone";
			};
			name = Debug;
		};
		061FA85A24F23A1A00E05B18 /* Release */ = {
			isa = XCBuildConfiguration;
			buildSettings = {
				ALWAYS_SEARCH_USER_PATHS = NO;
				CLANG_ANALYZER_NONNULL = YES;
				CLANG_ANALYZER_NUMBER_OBJECT_CONVERSION = YES_AGGRESSIVE;
				CLANG_CXX_LANGUAGE_STANDARD = "gnu++14";
				CLANG_CXX_LIBRARY = "libc++";
				CLANG_ENABLE_MODULES = YES;
				CLANG_ENABLE_OBJC_ARC = YES;
				CLANG_ENABLE_OBJC_WEAK = YES;
				CLANG_WARN_BLOCK_CAPTURE_AUTORELEASING = YES;
				CLANG_WARN_BOOL_CONVERSION = YES;
				CLANG_WARN_COMMA = YES;
				CLANG_WARN_CONSTANT_CONVERSION = YES;
				CLANG_WARN_DEPRECATED_OBJC_IMPLEMENTATIONS = YES;
				CLANG_WARN_DIRECT_OBJC_ISA_USAGE = YES_ERROR;
				CLANG_WARN_DOCUMENTATION_COMMENTS = YES;
				CLANG_WARN_EMPTY_BODY = YES;
				CLANG_WARN_ENUM_CONVERSION = YES;
				CLANG_WARN_INFINITE_RECURSION = YES;
				CLANG_WARN_INT_CONVERSION = YES;
				CLANG_WARN_NON_LITERAL_NULL_CONVERSION = YES;
				CLANG_WARN_OBJC_IMPLICIT_RETAIN_SELF = YES;
				CLANG_WARN_OBJC_LITERAL_CONVERSION = YES;
				CLANG_WARN_OBJC_ROOT_CLASS = YES_ERROR;
				CLANG_WARN_RANGE_LOOP_ANALYSIS = YES;
				CLANG_WARN_STRICT_PROTOTYPES = YES;
				CLANG_WARN_SUSPICIOUS_MOVE = YES;
				CLANG_WARN_UNGUARDED_AVAILABILITY = YES_AGGRESSIVE;
				CLANG_WARN_UNREACHABLE_CODE = YES;
				CLANG_WARN__DUPLICATE_METHOD_MATCH = YES;
				COPY_PHASE_STRIP = NO;
				DEBUG_INFORMATION_FORMAT = "dwarf-with-dsym";
				ENABLE_NS_ASSERTIONS = NO;
				ENABLE_STRICT_OBJC_MSGSEND = YES;
				GCC_C_LANGUAGE_STANDARD = gnu11;
				GCC_NO_COMMON_BLOCKS = YES;
				GCC_WARN_64_TO_32_BIT_CONVERSION = YES;
				GCC_WARN_ABOUT_RETURN_TYPE = YES_ERROR;
				GCC_WARN_UNDECLARED_SELECTOR = YES;
				GCC_WARN_UNINITIALIZED_AUTOS = YES_AGGRESSIVE;
				GCC_WARN_UNUSED_FUNCTION = YES;
				GCC_WARN_UNUSED_VARIABLE = YES;
				IPHONEOS_DEPLOYMENT_TARGET = 13.6;
				MTL_ENABLE_DEBUG_INFO = NO;
				MTL_FAST_MATH = YES;
				SDKROOT = iphoneos;
				SWIFT_COMPILATION_MODE = wholemodule;
				SWIFT_OPTIMIZATION_LEVEL = "-O";
				VALIDATE_PRODUCT = YES;
			};
			name = Release;
		};
		061FA85C24F23A1A00E05B18 /* Debug */ = {
			isa = XCBuildConfiguration;
			buildSettings = {
				ASSETCATALOG_COMPILER_APPICON_NAME = AppIcon;
				CODE_SIGN_STYLE = Automatic;
				INFOPLIST_FILE = AutoLayout1/Info.plist;
				LD_RUNPATH_SEARCH_PATHS = (
					"$(inherited)",
					"@executable_path/Frameworks",
				);
				PRODUCT_BUNDLE_IDENTIFIER = com.khatapps.AutoLayout1;
				PRODUCT_NAME = "$(TARGET_NAME)";
				SWIFT_VERSION = 5.0;
				TARGETED_DEVICE_FAMILY = "1,2";
			};
			name = Debug;
		};
		061FA85D24F23A1A00E05B18 /* Release */ = {
			isa = XCBuildConfiguration;
			buildSettings = {
				ASSETCATALOG_COMPILER_APPICON_NAME = AppIcon;
				CODE_SIGN_STYLE = Automatic;
				INFOPLIST_FILE = AutoLayout1/Info.plist;
				LD_RUNPATH_SEARCH_PATHS = (
					"$(inherited)",
					"@executable_path/Frameworks",
				);
				PRODUCT_BUNDLE_IDENTIFIER = com.khatapps.AutoLayout1;
				PRODUCT_NAME = "$(TARGET_NAME)";
				SWIFT_VERSION = 5.0;
				TARGETED_DEVICE_FAMILY = "1,2";
			};
			name = Release;
		};
/* End XCBuildConfiguration section */

/* Begin XCConfigurationList section */
		061FA84224F23A1900E05B18 /* Build configuration list for PBXProject "AutoLayout1" */ = {
			isa = XCConfigurationList;
			buildConfigurations = (
				061FA85924F23A1A00E05B18 /* Debug */,
				061FA85A24F23A1A00E05B18 /* Release */,
			);
			defaultConfigurationIsVisible = 0;
			defaultConfigurationName = Release;
		};
		061FA85B24F23A1A00E05B18 /* Build configuration list for PBXNativeTarget "AutoLayout1" */ = {
			isa = XCConfigurationList;
			buildConfigurations = (
				061FA85C24F23A1A00E05B18 /* Debug */,
				061FA85D24F23A1A00E05B18 /* Release */,
			);
			defaultConfigurationIsVisible = 0;
			defaultConfigurationName = Release;
		};
/* End XCConfigurationList section */
	};
	rootObject = 061FA83F24F23A1900E05B18 /* Project object */;
}
